{
  "version": 4,
  "terraform_version": "1.1.8",
  "serial": 1,
  "lineage": "09c99766-b7a2-9256-8e09-ec396d7d4691",
  "outputs": {},
  "resources": [
    {
      "mode": "managed",
      "type": "aws_vpc",
      "name": "my_vpc",
      "provider": "provider[\"registry.terraform.io/hashicorp/aws\"]",
      "instances": [
        {
          "schema_version": 1,
          "attributes": {
            "arn": "arn:aws:ec2:us-east-1:436292001075:vpc/vpc-065f6f3c8fb7768ac",
            "assign_generated_ipv6_cidr_block": false,
            "cidr_block": "10.0.0.0/16",
            "default_network_acl_id": "acl-0e537c0404b82cda7",
            "default_route_table_id": "rtb-0e4af512b5088241d",
            "default_security_group_id": "sg-0f3dde6ec007d8c76",
            "dhcp_options_id": "dopt-0ddb3b7c6fb65bcef",
            "enable_classiclink": false,
            "enable_classiclink_dns_support": false,
            "enable_dns_hostnames": false,
            "enable_dns_support": true,
            "id": "vpc-065f6f3c8fb7768ac",
            "instance_tenancy": "default",
            "ipv4_ipam_pool_id": null,
            "ipv4_netmask_length": null,
            "ipv6_association_id": "",
            "ipv6_cidr_block": "",
            "ipv6_cidr_block_network_border_group": "",
            "ipv6_ipam_pool_id": "",
            "ipv6_netmask_length": 0,
            "main_route_table_id": "rtb-0e4af512b5088241d",
            "owner_id": "436292001075",
            "tags": {
              "Name": "ITI"
            },
            "tags_all": {
              "Name": "ITI"
            }
          },
          "sensitive_attributes": [],
          "private": "eyJzY2hlbWFfdmVyc2lvbiI6IjEifQ=="
        }
      ]
    }
  ]
}
